Microsoft Visual Studio Solution File, Format Version 12.00
# Visual Studio Version 17
VisualStudioVersion = 17.5.2.0
MinimumVisualStudioVersion = 10.0.40219.1
Project("{2150E333-8FDC-42A3-9474-1A3956D46DE8}") = "ClassLibrary1", "ClassLibrary1", "{0059FE87-7B08-75C8-B669-B45A09D2B7BE}"
EndProject
Project("{FAE04EC0-301F-11D3-BF4B-00C04F79EFBC}") = "PDVADM.Api", "src\API\PDVADM.Api\PDVADM.Api.csproj", "{E45B8F5F-F189-EC78-F3AB-DC5B636662F6}"
EndProject
Project("{FAE04EC0-301F-11D3-BF4B-00C04F79EFBC}") = "PDVADM.Application", "src\Core\PDVADM.Application\PDVADM.Application.csproj", "{BB7D0946-CB1F-53F8-9551-DB91A7F6DF44}"
EndProject
Project("{FAE04EC0-301F-11D3-BF4B-00C04F79EFBC}") = "PDVADM.Infrastructure", "src\Infrastructure\PDVADM.Infrastructure\PDVADM.Infrastructure.csproj", "{0A7F48E4-B0C1-4D9B-A703-9D8A3B42D4E3}"
EndProject
Global
	GlobalSection(SolutionConfigurationPlatforms) = preSolution
		Debug|Any CPU = Debug|Any CPU
		Release|Any CPU = Release|Any CPU
	EndGlobalSection
	GlobalSection(ProjectConfigurationPlatforms) = postSolution
		{E45B8F5F-F189-EC78-F3AB-DC5B636662F6}.Debug|Any CPU.ActiveCfg = Debug|Any CPU
		{E45B8F5F-F189-EC78-F3AB-DC5B636662F6}.Debug|Any CPU.Build.0 = Debug|Any CPU
		{E45B8F5F-F189-EC78-F3AB-DC5B636662F6}.Release|Any CPU.ActiveCfg = Release|Any CPU
		{E45B8F5F-F189-EC78-F3AB-DC5B636662F6}.Release|Any CPU.Build.0 = Release|Any CPU
		{BB7D0946-CB1F-53F8-9551-DB91A7F6DF44}.Debug|Any CPU.ActiveCfg = Debug|Any CPU
		{BB7D0946-CB1F-53F8-9551-DB91A7F6DF44}.Debug|Any CPU.Build.0 = Debug|Any CPU
		{BB7D0946-CB1F-53F8-9551-DB91A7F6DF44}.Release|Any CPU.ActiveCfg = Release|Any CPU
		{BB7D0946-CB1F-53F8-9551-DB91A7F6DF44}.Release|Any CPU.Build.0 = Release|Any CPU
		{0A7F48E4-B0C1-4D9B-A703-9D8A3B42D4E3}.Debug|Any CPU.ActiveCfg = Debug|Any CPU
		{0A7F48E4-B0C1-4D9B-A703-9D8A3B42D4E3}.Debug|Any CPU.Build.0 = Debug|Any CPU
		{0A7F48E4-B0C1-4D9B-A703-9D8A3B42D4E3}.Release|Any CPU.ActiveCfg = Release|Any CPU
		{0A7F48E4-B0C1-4D9B-A703-9D8A3B42D4E3}.Release|Any CPU.Build.0 = Release|Any CPU
	EndGlobalSection
	GlobalSection(SolutionProperties) = preSolution
		HideSolutionNode = FALSE
	EndGlobalSection
	GlobalSection(ExtensibilityGlobals) = postSolution
		SolutionGuid = {9F3FC084-45C9-48CB-B7CB-8B75F2A78E1D}
	EndGlobalSection
EndGlobal
